{
  "name": "example_project",
  "version": "1.0.0",
  "lockfileVersion": 1,
  "requires": true,
  "dependencies": {
    "elf-contracts-typechain": {
      "version": "git+https://github.com/element-fi/elf-contracts-typechain.git#26c409860f76d95aff3b698720bb5ad2d301dc31",
      "from": "git+https://github.com/element-fi/elf-contracts-typechain.git",
      "requires": {
        "tsc": "^2.0.3"
      }
    },
    "elf-sdk": {
      "version": "git+https://github.com/element-fi/elf-sdk.git#393a17f69fafd45b6814f36a0dfc96281bd5a326",
      "from": "git+https://github.com/element-fi/elf-sdk.git",
      "requires": {
        "elf-contracts-typechain": "git+https://github.com/element-fi/elf-contracts-typechain.git"
      }
    },
    "tsc": {
      "version": "2.0.3",
      "resolved": "https://registry.npmjs.org/tsc/-/tsc-2.0.3.tgz",
      "integrity": "sha512-SN+9zBUtrpUcOpaUO7GjkEHgWtf22c7FKbKCA4e858eEM7Qz86rRDpgOU2lBIDf0fLCsEg65ms899UMUIB2+Ow=="
    }
  }
}
